
Microsoft Visual Studio Solution File, Format Version 12.00
# Visual Studio Version 17
VisualStudioVersion = 17.3.32901.215
MinimumVisualStudioVersion = 10.0.40219.1
Project("{FAE04EC0-301F-11D3-BF4B-00C04F79EFBC}") = "WebhookGithub.Application", "WebhookGithub.Application\WebhookGithub.Application.csproj", "{36E2587A-1A61-494B-8BB4-2928E0CBED4E}"
EndProject
Global
	GlobalSection(SolutionConfigurationPlatforms) = preSolution
		Debug|Any CPU = Debug|Any CPU
		Release|Any CPU = Release|Any CPU
	EndGlobalSection
	GlobalSection(ProjectConfigurationPlatforms) = postSolution
		{36E2587A-1A61-494B-8BB4-2928E0CBED4E}.Debug|Any CPU.ActiveCfg = Debug|Any CPU
		{36E2587A-1A61-494B-8BB4-2928E0CBED4E}.Debug|Any CPU.Build.0 = Debug|Any CPU
		{36E2587A-1A61-494B-8BB4-2928E0CBED4E}.Release|Any CPU.ActiveCfg = Release|Any CPU
		{36E2587A-1A61-494B-8BB4-2928E0CBED4E}.Release|Any CPU.Build.0 = Release|Any CPU
	EndGlobalSection
	GlobalSection(SolutionProperties) = preSolution
		HideSolutionNode = FALSE
	EndGlobalSection
	GlobalSection(ExtensibilityGlobals) = postSolution
		SolutionGuid = {F11BD0D5-654A-42A9-9AA5-291B04FFE19A}
	EndGlobalSection
EndGlobal
